
Microsoft Visual Studio Solution File, Format Version 12.00
# Visual Studio Version 17
VisualStudioVersion = 17.8.34316.72
MinimumVisualStudioVersion = 10.0.40219.1
Project("{FAE04EC0-301F-11D3-BF4B-00C04F79EFBC}") = "hp_system", "hp_system.csproj", "{4068B6A8-7874-4D7D-A9AC-362514DDADAD}"
EndProject
Global
	GlobalSection(SolutionConfigurationPlatforms) = preSolution
		Debug|Any CPU = Debug|Any CPU
		Release|Any CPU = Release|Any CPU
	EndGlobalSection
	GlobalSection(ProjectConfigurationPlatforms) = postSolution
		{4068B6A8-7874-4D7D-A9AC-362514DDADAD}.Debug|Any CPU.ActiveCfg = Debug|Any CPU
		{4068B6A8-7874-4D7D-A9AC-362514DDADAD}.Debug|Any CPU.Build.0 = Debug|Any CPU
		{4068B6A8-7874-4D7D-A9AC-362514DDADAD}.Release|Any CPU.ActiveCfg = Release|Any CPU
		{4068B6A8-7874-4D7D-A9AC-362514DDADAD}.Release|Any CPU.Build.0 = Release|Any CPU
	EndGlobalSection
	GlobalSection(SolutionProperties) = preSolution
		HideSolutionNode = FALSE
	EndGlobalSection
	GlobalSection(ExtensibilityGlobals) = postSolution
		SolutionGuid = {A65B713C-102B-40E7-8413-1DDB63E0F933}
	EndGlobalSection
EndGlobal
